github.com/dchooyc/film v0.0.0-20240205181744-0b639b2d95c4 h1:0CCTevQoaqfk0kDtclEtlh+R3tT0TNEXF+GqaYaYbzw=
github.com/dchooyc/film v0.0.0-20240205181744-0b639b2d95c4/go.mod h1:50GgIrGs5XA+cSWYWhM844lU9XYez6Po5g1NGIb8cV4=
golang.org/x/net v0.20.0 h1:aCL9BSgETF1k+blQaYUBx9hJ9LOGP3gAVemcZlf1Kpo=
golang.org/x/net v0.20.0/go.mod h1:z8BVo6PvndSri0LbOE3hAn0apkU+1YvI6E70E9jsnvY=
